// !$*UTF8*$!
{
	archiveVersion = 1;
	classes = {
	};
	objectVersion = 55;
	objects = {

/* Begin PBXBuildFile section */
		1311AD50278D4391005325D1 /* Words.swift in Sources */ = {isa = PBXBuildFile; fileRef = 1311AD4F278D4391005325D1 /* Words.swift */; };
		1311AD54278D4413005325D1 /* wordsCreateViewController.swift in Sources */ = {isa = PBXBuildFile; fileRef = 1311AD53278D4413005325D1 /* wordsCreateViewController.swift */; };
		13153D4127916A8C00D875AF /* WordCard.swift in Sources */ = {isa = PBXBuildFile; fileRef = 13153D4027916A8C00D875AF /* WordCard.swift */; };
		13153D4327918E4400D875AF /* StackContainerView.swift in Sources */ = {isa = PBXBuildFile; fileRef = 13153D4227918E4400D875AF /* StackContainerView.swift */; };
		13153D4527918E9300D875AF /* SwipeCardView.swift in Sources */ = {isa = PBXBuildFile; fileRef = 13153D4427918E9300D875AF /* SwipeCardView.swift */; };
		13153D472791902600D875AF /* SwipeCardsDataSource.swift in Sources */ = {isa = PBXBuildFile; fileRef = 13153D462791902600D875AF /* SwipeCardsDataSource.swift */; };
		132EE84D279FE3DD009B5B3C /* testResultViewController.swift in Sources */ = {isa = PBXBuildFile; fileRef = 132EE84C279FE3DD009B5B3C /* testResultViewController.swift */; };
		1330F2C12793ECDB007D3CB3 /* wordsSearchViewController.swift in Sources */ = {isa = PBXBuildFile; fileRef = 1330F2C02793ECDB007D3CB3 /* wordsSearchViewController.swift */; };
		13318E79279913E300140FE9 /* User.swift in Sources */ = {isa = PBXBuildFile; fileRef = 13318E78279913E300140FE9 /* User.swift */; };
		1336DDC8278096C10084DEFF /* AppDelegate.swift in Sources */ = {isa = PBXBuildFile; fileRef = 1336DDC7278096C10084DEFF /* AppDelegate.swift */; };
		1336DDCA278096C10084DEFF /* SceneDelegate.swift in Sources */ = {isa = PBXBuildFile; fileRef = 1336DDC9278096C10084DEFF /* SceneDelegate.swift */; };
		1336DDCF278096C10084DEFF /* Main.storyboard in Resources */ = {isa = PBXBuildFile; fileRef = 1336DDCD278096C10084DEFF /* Main.storyboard */; };
		1336DDD1278096C20084DEFF /* Assets.xcassets in Resources */ = {isa = PBXBuildFile; fileRef = 1336DDD0278096C20084DEFF /* Assets.xcassets */; };
		1336DDD4278096C20084DEFF /* LaunchScreen.storyboard in Resources */ = {isa = PBXBuildFile; fileRef = 1336DDD2278096C20084DEFF /* LaunchScreen.storyboard */; };
		1336DDDC27809F440084DEFF /* loginViewController.swift in Sources */ = {isa = PBXBuildFile; fileRef = 1336DDDB27809F440084DEFF /* loginViewController.swift */; };
		1336DDDE2780A04B0084DEFF /* wordsListViewController.swift in Sources */ = {isa = PBXBuildFile; fileRef = 1336DDDD2780A04B0084DEFF /* wordsListViewController.swift */; };
		1338AC2C27911A7700121A10 /* selectTestViewController.swift in Sources */ = {isa = PBXBuildFile; fileRef = 1338AC2B27911A7700121A10 /* selectTestViewController.swift */; };
		134C87D127903B3700567A5A /* cardTestViewController.swift in Sources */ = {isa = PBXBuildFile; fileRef = 134C87D027903B3700567A5A /* cardTestViewController.swift */; };
		13514D1227A59E39007EBF34 /* analyzeWrongWordViewController.swift in Sources */ = {isa = PBXBuildFile; fileRef = 13514D1127A59E39007EBF34 /* analyzeWrongWordViewController.swift */; };
		136DE733278E6A4900C29BEC /* Storage.swift in Sources */ = {isa = PBXBuildFile; fileRef = 136DE732278E6A4900C29BEC /* Storage.swift */; };
		136DE735278EA77100C29BEC /* wordsUpdateViewController.swift in Sources */ = {isa = PBXBuildFile; fileRef = 136DE734278EA77100C29BEC /* wordsUpdateViewController.swift */; };
		1378C08D278C4B5C00BD6DBD /* wordsDetailListViewController.swift in Sources */ = {isa = PBXBuildFile; fileRef = 1378C08C278C4B5C00BD6DBD /* wordsDetailListViewController.swift */; };
		1381D7DB27874B7C000E4DFB /* Alamofire in Frameworks */ = {isa = PBXBuildFile; productRef = 1381D7DA27874B7C000E4DFB /* Alamofire */; };
		139909612796EB5B009871E6 /* TestView.xib in Resources */ = {isa = PBXBuildFile; fileRef = 139909602796EB5B009871E6 /* TestView.xib */; };
		139F12BD27994C9600BAB005 /* userProfileViewController.swift in Sources */ = {isa = PBXBuildFile; fileRef = 139F12BC27994C9600BAB005 /* userProfileViewController.swift */; };
		13D2D8952795393400B5F701 /* LoadViewDelegate.swift in Sources */ = {isa = PBXBuildFile; fileRef = 13D2D8942795393400B5F701 /* LoadViewDelegate.swift */; };
		13DCD15B27A42DE600BE3F5F /* papagoViewController.swift in Sources */ = {isa = PBXBuildFile; fileRef = 13DCD15A27A42DE600BE3F5F /* papagoViewController.swift */; };
		13DCD15D27A43A3300BE3F5F /* Papago.swift in Sources */ = {isa = PBXBuildFile; fileRef = 13DCD15C27A43A3300BE3F5F /* Papago.swift */; };
		13E52366279FB3CB00D8A458 /* selectFourTestViewController.swift in Sources */ = {isa = PBXBuildFile; fileRef = 13E52365279FB3CB00D8A458 /* selectFourTestViewController.swift */; };
		13E52368279FB3E600D8A458 /* dictationTestViewController.swift in Sources */ = {isa = PBXBuildFile; fileRef = 13E52367279FB3E600D8A458 /* dictationTestViewController.swift */; };
		13E5236A279FB57E00D8A458 /* TestView.swift in Sources */ = {isa = PBXBuildFile; fileRef = 13E52369279FB57E00D8A458 /* TestView.swift */; };
		13F3D31A279A99E100805AC8 /* wordsBookMarkViewController.swift in Sources */ = {isa = PBXBuildFile; fileRef = 13F3D319279A99E100805AC8 /* wordsBookMarkViewController.swift */; };
		13F6F57B27886FA6006A33CE /* signupViewController.swift in Sources */ = {isa = PBXBuildFile; fileRef = 13F6F57A27886FA6006A33CE /* signupViewController.swift */; };
		9433478EA3A41CD33C6254D2 /* Pods_wordcheck_ios.framework in Frameworks */ = {isa = PBXBuildFile; fileRef = F2FA73CB26E6A45F6D96F364 /* Pods_wordcheck_ios.framework */; };
/* End PBXBuildFile section */

/* Begin PBXFileReference section */
		1311AD4F278D4391005325D1 /* Words.swift */ = {isa = PBXFileReference; lastKnownFileType = sourcecode.swift; path = Words.swift; sourceTree = "<group>"; };
		1311AD53278D4413005325D1 /* wordsCreateViewController.swift */ = {isa = PBXFileReference; lastKnownFileType = sourcecode.swift; path = wordsCreateViewController.swift; sourceTree = "<group>"; };
		13153D4027916A8C00D875AF /* WordCard.swift */ = {isa = PBXFileReference; lastKnownFileType = sourcecode.swift; path = WordCard.swift; sourceTree = "<group>"; };
		13153D4227918E4400D875AF /* StackContainerView.swift */ = {isa = PBXFileReference; lastKnownFileType = sourcecode.swift; path = StackContainerView.swift; sourceTree = "<group>"; };
		13153D4427918E9300D875AF /* SwipeCardView.swift */ = {isa = PBXFileReference; lastKnownFileType = sourcecode.swift; path = SwipeCardView.swift; sourceTree = "<group>"; };
		13153D462791902600D875AF /* SwipeCardsDataSource.swift */ = {isa = PBXFileReference; lastKnownFileType = sourcecode.swift; path = SwipeCardsDataSource.swift; sourceTree = "<group>"; };
		132EE84C279FE3DD009B5B3C /* testResultViewController.swift */ = {isa = PBXFileReference; lastKnownFileType = sourcecode.swift; path = testResultViewController.swift; sourceTree = "<group>"; };
		1330F2C02793ECDB007D3CB3 /* wordsSearchViewController.swift */ = {isa = PBXFileReference; lastKnownFileType = sourcecode.swift; path = wordsSearchViewController.swift; sourceTree = "<group>"; };
		13318E78279913E300140FE9 /* User.swift */ = {isa = PBXFileReference; lastKnownFileType = sourcecode.swift; path = User.swift; sourceTree = "<group>"; };
		1336DDC4278096C10084DEFF /* wordcheck.app */ = {isa = PBXFileReference; explicitFileType = wrapper.application; includeInIndex = 0; path = wordcheck.app; sourceTree = BUILT_PRODUCTS_DIR; };
		1336DDC7278096C10084DEFF /* AppDelegate.swift */ = {isa = PBXFileReference; lastKnownFileType = sourcecode.swift; path = AppDelegate.swift; sourceTree = "<group>"; };
		1336DDC9278096C10084DEFF /* SceneDelegate.swift */ = {isa = PBXFileReference; lastKnownFileType = sourcecode.swift; path = SceneDelegate.swift; sourceTree = "<group>"; };
		1336DDCE278096C10084DEFF /* Base */ = {isa = PBXFileReference; lastKnownFileType = file.storyboard; name = Base; path = Base.lproj/Main.storyboard; sourceTree = "<group>"; };
		1336DDD0278096C20084DEFF /* Assets.xcassets */ = {isa = PBXFileReference; lastKnownFileType = folder.assetcatalog; path = Assets.xcassets; sourceTree = "<group>"; };
		1336DDD3278096C20084DEFF /* Base */ = {isa = PBXFileReference; lastKnownFileType = file.storyboard; name = Base; path = Base.lproj/LaunchScreen.storyboard; sourceTree = "<group>"; };
		1336DDD5278096C20084DEFF /* Info.plist */ = {isa = PBXFileReference; lastKnownFileType = text.plist.xml; path = Info.plist; sourceTree = "<group>"; };
		1336DDDB27809F440084DEFF /* loginViewController.swift */ = {isa = PBXFileReference; lastKnownFileType = sourcecode.swift; path = loginViewController.swift; sourceTree = "<group>"; };
		1336DDDD2780A04B0084DEFF /* wordsListViewController.swift */ = {isa = PBXFileReference; lastKnownFileType = sourcecode.swift; path = wordsListViewController.swift; sourceTree = "<group>"; };
		1338AC2B27911A7700121A10 /* selectTestViewController.swift */ = {isa = PBXFileReference; lastKnownFileType = sourcecode.swift; path = selectTestViewController.swift; sourceTree = "<group>"; };
		134C87D027903B3700567A5A /* cardTestViewController.swift */ = {isa = PBXFileReference; lastKnownFileType = sourcecode.swift; path = cardTestViewController.swift; sourceTree = "<group>"; };
		13514D1127A59E39007EBF34 /* analyzeWrongWordViewController.swift */ = {isa = PBXFileReference; lastKnownFileType = sourcecode.swift; path = analyzeWrongWordViewController.swift; sourceTree = "<group>"; };
		136DE732278E6A4900C29BEC /* Storage.swift */ = {isa = PBXFileReference; lastKnownFileType = sourcecode.swift; path = Storage.swift; sourceTree = "<group>"; };
		136DE734278EA77100C29BEC /* wordsUpdateViewController.swift */ = {isa = PBXFileReference; lastKnownFileType = sourcecode.swift; path = wordsUpdateViewController.swift; sourceTree = "<group>"; };
		1378C08C278C4B5C00BD6DBD /* wordsDetailListViewController.swift */ = {isa = PBXFileReference; lastKnownFileType = sourcecode.swift; path = wordsDetailListViewController.swift; sourceTree = "<group>"; };
		139909602796EB5B009871E6 /* TestView.xib */ = {isa = PBXFileReference; lastKnownFileType = file.xib; path = TestView.xib; sourceTree = "<group>"; };
		139F12BC27994C9600BAB005 /* userProfileViewController.swift */ = {isa = PBXFileReference; lastKnownFileType = sourcecode.swift; path = userProfileViewController.swift; sourceTree = "<group>"; };
		13D2D8942795393400B5F701 /* LoadViewDelegate.swift */ = {isa = PBXFileReference; lastKnownFileType = sourcecode.swift; path = LoadViewDelegate.swift; sourceTree = "<group>"; };
		13DCD15A27A42DE600BE3F5F /* papagoViewController.swift */ = {isa = PBXFileReference; lastKnownFileType = sourcecode.swift; path = papagoViewController.swift; sourceTree = "<group>"; };
		13DCD15C27A43A3300BE3F5F /* Papago.swift */ = {isa = PBXFileReference; lastKnownFileType = sourcecode.swift; path = Papago.swift; sourceTree = "<group>"; };
		13E52365279FB3CB00D8A458 /* selectFourTestViewController.swift */ = {isa = PBXFileReference; lastKnownFileType = sourcecode.swift; path = selectFourTestViewController.swift; sourceTree = "<group>"; };
		13E52367279FB3E600D8A458 /* dictationTestViewController.swift */ = {isa = PBXFileReference; lastKnownFileType = sourcecode.swift; path = dictationTestViewController.swift; sourceTree = "<group>"; };
		13E52369279FB57E00D8A458 /* TestView.swift */ = {isa = PBXFileReference; lastKnownFileType = sourcecode.swift; path = TestView.swift; sourceTree = "<group>"; };
		13F3D319279A99E100805AC8 /* wordsBookMarkViewController.swift */ = {isa = PBXFileReference; lastKnownFileType = sourcecode.swift; path = wordsBookMarkViewController.swift; sourceTree = "<group>"; };
		13F6F57A27886FA6006A33CE /* signupViewController.swift */ = {isa = PBXFileReference; lastKnownFileType = sourcecode.swift; path = signupViewController.swift; sourceTree = "<group>"; };
		8DD29BC621954A793F3BB6A0 /* Pods-wordcheck-ios.release.xcconfig */ = {isa = PBXFileReference; includeInIndex = 1; lastKnownFileType = text.xcconfig; name = "Pods-wordcheck-ios.release.xcconfig"; path = "Target Support Files/Pods-wordcheck-ios/Pods-wordcheck-ios.release.xcconfig"; sourceTree = "<group>"; };
		CB1F3227D44C918D96E20D5A /* Pods-wordcheck-ios.debug.xcconfig */ = {isa = PBXFileReference; includeInIndex = 1; lastKnownFileType = text.xcconfig; name = "Pods-wordcheck-ios.debug.xcconfig"; path = "Target Support Files/Pods-wordcheck-ios/Pods-wordcheck-ios.debug.xcconfig"; sourceTree = "<group>"; };
		F2FA73CB26E6A45F6D96F364 /* Pods_wordcheck_ios.framework */ = {isa = PBXFileReference; explicitFileType = wrapper.framework; includeInIndex = 0; path = Pods_wordcheck_ios.framework; sourceTree = BUILT_PRODUCTS_DIR; };
/* End PBXFileReference section */

/* Begin PBXFrameworksBuildPhase section */
		1336DDC1278096C10084DEFF /* Frameworks */ = {
			isa = PBXFrameworksBuildPhase;
			buildActionMask = 2147483647;
			files = (
				1381D7DB27874B7C000E4DFB /* Alamofire in Frameworks */,
				9433478EA3A41CD33C6254D2 /* Pods_wordcheck_ios.framework in Frameworks */,
			);
			runOnlyForDeploymentPostprocessing = 0;
		};
/* End PBXFrameworksBuildPhase section */

/* Begin PBXGroup section */
		1336DDBB278096C10084DEFF = {
			isa = PBXGroup;
			children = (
				1336DDC6278096C10084DEFF /* wordcheck-ios */,
				1336DDC5278096C10084DEFF /* Products */,
				8E3D5D219CD890864DFFA1C9 /* Pods */,
				30BA1559DAF4BB6261D0BB91 /* Frameworks */,
			);
			sourceTree = "<group>";
		};
		1336DDC5278096C10084DEFF /* Products */ = {
			isa = PBXGroup;
			children = (
				1336DDC4278096C10084DEFF /* wordcheck.app */,
			);
			name = Products;
			sourceTree = "<group>";
		};
		1336DDC6278096C10084DEFF /* wordcheck-ios */ = {
			isa = PBXGroup;
			children = (
				13D2D8942795393400B5F701 /* LoadViewDelegate.swift */,
				13C2DAD327942C5200AA26B7 /* Model */,
				13C2DACF27942B9F00AA26B7 /* account */,
				13C2DAD027942BAA00AA26B7 /* wordList */,
				13C2DAD227942C0900AA26B7 /* wordSearch */,
				13514D0F27A59D0E007EBF34 /* wordBookmark */,
				13C2DAD127942BE100AA26B7 /* wordTest */,
				13514D1027A59D7C007EBF34 /* myPage */,
				1336DDC7278096C10084DEFF /* AppDelegate.swift */,
				1336DDC9278096C10084DEFF /* SceneDelegate.swift */,
				1336DDD2278096C20084DEFF /* LaunchScreen.storyboard */,
				1336DDCD278096C10084DEFF /* Main.storyboard */,
				139909602796EB5B009871E6 /* TestView.xib */,
				1336DDD0278096C20084DEFF /* Assets.xcassets */,
				1336DDD5278096C20084DEFF /* Info.plist */,
			);
			path = "wordcheck-ios";
			sourceTree = "<group>";
		};
		13514D0F27A59D0E007EBF34 /* wordBookmark */ = {
			isa = PBXGroup;
			children = (
				13F3D319279A99E100805AC8 /* wordsBookMarkViewController.swift */,
			);
			path = wordBookmark;
			sourceTree = "<group>";
		};
		13514D1027A59D7C007EBF34 /* myPage */ = {
			isa = PBXGroup;
			children = (
				139F12BC27994C9600BAB005 /* userProfileViewController.swift */,
				13DCD15A27A42DE600BE3F5F /* papagoViewController.swift */,
				13514D1127A59E39007EBF34 /* analyzeWrongWordViewController.swift */,
			);
			path = myPage;
			sourceTree = "<group>";
		};
		13C2DACF27942B9F00AA26B7 /* account */ = {
			isa = PBXGroup;
			children = (
				1336DDDB27809F440084DEFF /* loginViewController.swift */,
				13F6F57A27886FA6006A33CE /* signupViewController.swift */,
			);
			path = account;
			sourceTree = "<group>";
		};
		13C2DAD027942BAA00AA26B7 /* wordList */ = {
			isa = PBXGroup;
			children = (
				1336DDDD2780A04B0084DEFF /* wordsListViewController.swift */,
				1378C08C278C4B5C00BD6DBD /* wordsDetailListViewController.swift */,
				1311AD53278D4413005325D1 /* wordsCreateViewController.swift */,
				136DE734278EA77100C29BEC /* wordsUpdateViewController.swift */,
			);
			path = wordList;
			sourceTree = "<group>";
		};
		13C2DAD127942BE100AA26B7 /* wordTest */ = {
			isa = PBXGroup;
			children = (
				1338AC2B27911A7700121A10 /* selectTestViewController.swift */,
				13E52362279FB35E00D8A458 /* cardTest */,
				13E52363279FB37500D8A458 /* selectFourTest */,
				13E52364279FB39100D8A458 /* dictationTest */,
				132EE84C279FE3DD009B5B3C /* testResultViewController.swift */,
			);
			path = wordTest;
			sourceTree = "<group>";
		};
		13C2DAD227942C0900AA26B7 /* wordSearch */ = {
			isa = PBXGroup;
			children = (
				1330F2C02793ECDB007D3CB3 /* wordsSearchViewController.swift */,
			);
			path = wordSearch;
			sourceTree = "<group>";
		};
		13C2DAD327942C5200AA26B7 /* Model */ = {
			isa = PBXGroup;
			children = (
				13318E78279913E300140FE9 /* User.swift */,
				1311AD4F278D4391005325D1 /* Words.swift */,
				13DCD15C27A43A3300BE3F5F /* Papago.swift */,
				136DE732278E6A4900C29BEC /* Storage.swift */,
			);
			path = Model;
			sourceTree = "<group>";
		};
		13E52362279FB35E00D8A458 /* cardTest */ = {
			isa = PBXGroup;
			children = (
				134C87D027903B3700567A5A /* cardTestViewController.swift */,
				13153D462791902600D875AF /* SwipeCardsDataSource.swift */,
				13153D4427918E9300D875AF /* SwipeCardView.swift */,
				13153D4227918E4400D875AF /* StackContainerView.swift */,
				13153D4027916A8C00D875AF /* WordCard.swift */,
				13E52369279FB57E00D8A458 /* TestView.swift */,
			);
			path = cardTest;
			sourceTree = "<group>";
		};
		13E52363279FB37500D8A458 /* selectFourTest */ = {
			isa = PBXGroup;
			children = (
				13E52365279FB3CB00D8A458 /* selectFourTestViewController.swift */,
			);
			path = selectFourTest;
			sourceTree = "<group>";
		};
		13E52364279FB39100D8A458 /* dictationTest */ = {
			isa = PBXGroup;
			children = (
				13E52367279FB3E600D8A458 /* dictationTestViewController.swift */,
			);
			path = dictationTest;
			sourceTree = "<group>";
		};
		30BA1559DAF4BB6261D0BB91 /* Frameworks */ = {
			isa = PBXGroup;
			children = (
				F2FA73CB26E6A45F6D96F364 /* Pods_wordcheck_ios.framework */,
			);
			name = Frameworks;
			sourceTree = "<group>";
		};
		8E3D5D219CD890864DFFA1C9 /* Pods */ = {
			isa = PBXGroup;
			children = (
				CB1F3227D44C918D96E20D5A /* Pods-wordcheck-ios.debug.xcconfig */,
				8DD29BC621954A793F3BB6A0 /* Pods-wordcheck-ios.release.xcconfig */,
			);
			path = Pods;
			sourceTree = "<group>";
		};
/* End PBXGroup section */

/* Begin PBXNativeTarget section */
		1336DDC3278096C10084DEFF /* wordcheck */ = {
			isa = PBXNativeTarget;
			buildConfigurationList = 1336DDD8278096C20084DEFF /* Build configuration list for PBXNativeTarget "wordcheck" */;
			buildPhases = (
				74D47C7937872D649FDBEF1A /* [CP] Check Pods Manifest.lock */,
				1336DDC0278096C10084DEFF /* Sources */,
				1336DDC1278096C10084DEFF /* Frameworks */,
				1336DDC2278096C10084DEFF /* Resources */,
				7774D247809113E73154360E /* [CP] Embed Pods Frameworks */,
			);
			buildRules = (
			);
			dependencies = (
			);
			name = wordcheck;
			packageProductDependencies = (
				1381D7DA27874B7C000E4DFB /* Alamofire */,
			);
			productName = "wordcheck-ios";
			productReference = 1336DDC4278096C10084DEFF /* wordcheck.app */;
			productType = "com.apple.product-type.application";
		};
/* End PBXNativeTarget section */

/* Begin PBXProject section */
		1336DDBC278096C10084DEFF /* Project object */ = {
			isa = PBXProject;
			attributes = {
				BuildIndependentTargetsInParallel = 1;
				LastSwiftUpdateCheck = 1320;
				LastUpgradeCheck = 1320;
				TargetAttributes = {
					1336DDC3278096C10084DEFF = {
						CreatedOnToolsVersion = 13.2.1;
					};
				};
			};
			buildConfigurationList = 1336DDBF278096C10084DEFF /* Build configuration list for PBXProject "wordcheck" */;
			compatibilityVersion = "Xcode 13.0";
			developmentRegion = en;
			hasScannedForEncodings = 0;
			knownRegions = (
				en,
				Base,
			);
			mainGroup = 1336DDBB278096C10084DEFF;
			packageReferences = (
				1381D7D927874B7C000E4DFB /* XCRemoteSwiftPackageReference "Alamofire" */,
			);
			productRefGroup = 1336DDC5278096C10084DEFF /* Products */;
			projectDirPath = "";
			projectRoot = "";
			targets = (
				1336DDC3278096C10084DEFF /* wordcheck */,
			);
		};
/* End PBXProject section */

/* Begin PBXResourcesBuildPhase section */
		1336DDC2278096C10084DEFF /* Resources */ = {
			isa = PBXResourcesBuildPhase;
			buildActionMask = 2147483647;
			files = (
				139909612796EB5B009871E6 /* TestView.xib in Resources */,
				1336DDD4278096C20084DEFF /* LaunchScreen.storyboard in Resources */,
				1336DDD1278096C20084DEFF /* Assets.xcassets in Resources */,
				1336DDCF278096C10084DEFF /* Main.storyboard in Resources */,
			);
			runOnlyForDeploymentPostprocessing = 0;
		};
/* End PBXResourcesBuildPhase section */

/* Begin PBXShellScriptBuildPhase section */
		74D47C7937872D649FDBEF1A /* [CP] Check Pods Manifest.lock */ = {
			isa = PBXShellScriptBuildPhase;
			buildActionMask = 2147483647;
			files = (
			);
			inputFileListPaths = (
			);
			inputPaths = (
				"${PODS_PODFILE_DIR_PATH}/Podfile.lock",
				"${PODS_ROOT}/Manifest.lock",
			);
			name = "[CP] Check Pods Manifest.lock";
			outputFileListPaths = (
			);
			outputPaths = (
				"$(DERIVED_FILE_DIR)/Pods-wordcheck-ios-checkManifestLockResult.txt",
			);
			runOnlyForDeploymentPostprocessing = 0;
			shellPath = /bin/sh;
			shellScript = "diff \"${PODS_PODFILE_DIR_PATH}/Podfile.lock\" \"${PODS_ROOT}/Manifest.lock\" > /dev/null\nif [ $? != 0 ] ; then\n    # print error to STDERR\n    echo \"error: The sandbox is not in sync with the Podfile.lock. Run 'pod install' or update your CocoaPods installation.\" >&2\n    exit 1\nfi\n# This output is used by Xcode 'outputs' to avoid re-running this script phase.\necho \"SUCCESS\" > \"${SCRIPT_OUTPUT_FILE_0}\"\n";
			showEnvVarsInLog = 0;
		};
		7774D247809113E73154360E /* [CP] Embed Pods Frameworks */ = {
			isa = PBXShellScriptBuildPhase;
			buildActionMask = 2147483647;
			files = (
			);
			inputFileListPaths = (
				"${PODS_ROOT}/Target Support Files/Pods-wordcheck-ios/Pods-wordcheck-ios-frameworks-${CONFIGURATION}-input-files.xcfilelist",
			);
			name = "[CP] Embed Pods Frameworks";
			outputFileListPaths = (
				"${PODS_ROOT}/Target Support Files/Pods-wordcheck-ios/Pods-wordcheck-ios-frameworks-${CONFIGURATION}-output-files.xcfilelist",
			);
			runOnlyForDeploymentPostprocessing = 0;
			shellPath = /bin/sh;
			shellScript = "\"${PODS_ROOT}/Target Support Files/Pods-wordcheck-ios/Pods-wordcheck-ios-frameworks.sh\"\n";
			showEnvVarsInLog = 0;
		};
/* End PBXShellScriptBuildPhase section */

/* Begin PBXSourcesBuildPhase section */
		1336DDC0278096C10084DEFF /* Sources */ = {
			isa = PBXSourcesBuildPhase;
			buildActionMask = 2147483647;
			files = (
				13DCD15D27A43A3300BE3F5F /* Papago.swift in Sources */,
				13DCD15B27A42DE600BE3F5F /* papagoViewController.swift in Sources */,
				1338AC2C27911A7700121A10 /* selectTestViewController.swift in Sources */,
				1311AD54278D4413005325D1 /* wordsCreateViewController.swift in Sources */,
				1311AD50278D4391005325D1 /* Words.swift in Sources */,
				1336DDDC27809F440084DEFF /* loginViewController.swift in Sources */,
				134C87D127903B3700567A5A /* cardTestViewController.swift in Sources */,
				1330F2C12793ECDB007D3CB3 /* wordsSearchViewController.swift in Sources */,
				13E52366279FB3CB00D8A458 /* selectFourTestViewController.swift in Sources */,
				13153D472791902600D875AF /* SwipeCardsDataSource.swift in Sources */,
				13F3D31A279A99E100805AC8 /* wordsBookMarkViewController.swift in Sources */,
				13153D4327918E4400D875AF /* StackContainerView.swift in Sources */,
				136DE735278EA77100C29BEC /* wordsUpdateViewController.swift in Sources */,
				139F12BD27994C9600BAB005 /* userProfileViewController.swift in Sources */,
				13E5236A279FB57E00D8A458 /* TestView.swift in Sources */,
				13D2D8952795393400B5F701 /* LoadViewDelegate.swift in Sources */,
				1336DDC8278096C10084DEFF /* AppDelegate.swift in Sources */,
				13F6F57B27886FA6006A33CE /* signupViewController.swift in Sources */,
				1378C08D278C4B5C00BD6DBD /* wordsDetailListViewController.swift in Sources */,
				13514D1227A59E39007EBF34 /* analyzeWrongWordViewController.swift in Sources */,
				13E52368279FB3E600D8A458 /* dictationTestViewController.swift in Sources */,
				1336DDDE2780A04B0084DEFF /* wordsListViewController.swift in Sources */,
				1336DDCA278096C10084DEFF /* SceneDelegate.swift in Sources */,
				13153D4127916A8C00D875AF /* WordCard.swift in Sources */,
				136DE733278E6A4900C29BEC /* Storage.swift in Sources */,
				13153D4527918E9300D875AF /* SwipeCardView.swift in Sources */,
				132EE84D279FE3DD009B5B3C /* testResultViewController.swift in Sources */,
				13318E79279913E300140FE9 /* User.swift in Sources */,
			);
			runOnlyForDeploymentPostprocessing = 0;
		};
/* End PBXSourcesBuildPhase section */

/* Begin PBXVariantGroup section */
		1336DDCD278096C10084DEFF /* Main.storyboard */ = {
			isa = PBXVariantGroup;
			children = (
				1336DDCE278096C10084DEFF /* Base */,
			);
			name = Main.storyboard;
			sourceTree = "<group>";
		};
		1336DDD2278096C20084DEFF /* LaunchScreen.storyboard */ = {
			isa = PBXVariantGroup;
			children = (
				1336DDD3278096C20084DEFF /* Base */,
			);
			name = LaunchScreen.storyboard;
			sourceTree = "<group>";
		};
/* End PBXVariantGroup section */

/* Begin XCBuildConfiguration section */
		1336DDD6278096C20084DEFF /* Debug */ = {
			isa = XCBuildConfiguration;
			buildSettings = {
				ALWAYS_SEARCH_USER_PATHS = NO;
				CLANG_ANALYZER_NONNULL = YES;
				CLANG_ANALYZER_NUMBER_OBJECT_CONVERSION = YES_AGGRESSIVE;
				CLANG_CXX_LANGUAGE_STANDARD = "gnu++17";
				CLANG_CXX_LIBRARY = "libc++";
				CLANG_ENABLE_MODULES = YES;
				CLANG_ENABLE_OBJC_ARC = YES;
				CLANG_ENABLE_OBJC_WEAK = YES;
				CLANG_WARN_BLOCK_CAPTURE_AUTORELEASING = YES;
				CLANG_WARN_BOOL_CONVERSION = YES;
				CLANG_WARN_COMMA = YES;
				CLANG_WARN_CONSTANT_CONVERSION = YES;
				CLANG_WARN_DEPRECATED_OBJC_IMPLEMENTATIONS = YES;
				CLANG_WARN_DIRECT_OBJC_ISA_USAGE = YES_ERROR;
				CLANG_WARN_DOCUMENTATION_COMMENTS = YES;
				CLANG_WARN_EMPTY_BODY = YES;
				CLANG_WARN_ENUM_CONVERSION = YES;
				CLANG_WARN_INFINITE_RECURSION = YES;
				CLANG_WARN_INT_CONVERSION = YES;
				CLANG_WARN_NON_LITERAL_NULL_CONVERSION = YES;
				CLANG_WARN_OBJC_IMPLICIT_RETAIN_SELF = YES;
				CLANG_WARN_OBJC_LITERAL_CONVERSION = YES;
				CLANG_WARN_OBJC_ROOT_CLASS = YES_ERROR;
				CLANG_WARN_QUOTED_INCLUDE_IN_FRAMEWORK_HEADER = YES;
				CLANG_WARN_RANGE_LOOP_ANALYSIS = YES;
				CLANG_WARN_STRICT_PROTOTYPES = YES;
				CLANG_WARN_SUSPICIOUS_MOVE = YES;
				CLANG_WARN_UNGUARDED_AVAILABILITY = YES_AGGRESSIVE;
				CLANG_WARN_UNREACHABLE_CODE = YES;
				CLANG_WARN__DUPLICATE_METHOD_MATCH = YES;
				COPY_PHASE_STRIP = NO;
				DEBUG_INFORMATION_FORMAT = dwarf;
				ENABLE_STRICT_OBJC_MSGSEND = YES;
				ENABLE_TESTABILITY = YES;
				GCC_C_LANGUAGE_STANDARD = gnu11;
				GCC_DYNAMIC_NO_PIC = NO;
				GCC_NO_COMMON_BLOCKS = YES;
				GCC_OPTIMIZATION_LEVEL = 0;
				GCC_PREPROCESSOR_DEFINITIONS = (
					"DEBUG=1",
					"$(inherited)",
				);
				GCC_WARN_64_TO_32_BIT_CONVERSION = YES;
				GCC_WARN_ABOUT_RETURN_TYPE = YES_ERROR;
				GCC_WARN_UNDECLARED_SELECTOR = YES;
				GCC_WARN_UNINITIALIZED_AUTOS = YES_AGGRESSIVE;
				GCC_WARN_UNUSED_FUNCTION = YES;
				GCC_WARN_UNUSED_VARIABLE = YES;
				IPHONEOS_DEPLOYMENT_TARGET = 15.0;
				MTL_ENABLE_DEBUG_INFO = INCLUDE_SOURCE;
				MTL_FAST_MATH = YES;
				ONLY_ACTIVE_ARCH = YES;
				SDKROOT = iphoneos;
				SWIFT_ACTIVE_COMPILATION_CONDITIONS = DEBUG;
				SWIFT_OPTIMIZATION_LEVEL = "-Onone";
			};
			name = Debug;
		};
		1336DDD7278096C20084DEFF /* Release */ = {
			isa = XCBuildConfiguration;
			buildSettings = {
				ALWAYS_SEARCH_USER_PATHS = NO;
				CLANG_ANALYZER_NONNULL = YES;
				CLANG_ANALYZER_NUMBER_OBJECT_CONVERSION = YES_AGGRESSIVE;
				CLANG_CXX_LANGUAGE_STANDARD = "gnu++17";
				CLANG_CXX_LIBRARY = "libc++";
				CLANG_ENABLE_MODULES = YES;
				CLANG_ENABLE_OBJC_ARC = YES;
				CLANG_ENABLE_OBJC_WEAK = YES;
				CLANG_WARN_BLOCK_CAPTURE_AUTORELEASING = YES;
				CLANG_WARN_BOOL_CONVERSION = YES;
				CLANG_WARN_COMMA = YES;
				CLANG_WARN_CONSTANT_CONVERSION = YES;
				CLANG_WARN_DEPRECATED_OBJC_IMPLEMENTATIONS = YES;
				CLANG_WARN_DIRECT_OBJC_ISA_USAGE = YES_ERROR;
				CLANG_WARN_DOCUMENTATION_COMMENTS = YES;
				CLANG_WARN_EMPTY_BODY = YES;
				CLANG_WARN_ENUM_CONVERSION = YES;
				CLANG_WARN_INFINITE_RECURSION = YES;
				CLANG_WARN_INT_CONVERSION = YES;
				CLANG_WARN_NON_LITERAL_NULL_CONVERSION = YES;
				CLANG_WARN_OBJC_IMPLICIT_RETAIN_SELF = YES;
				CLANG_WARN_OBJC_LITERAL_CONVERSION = YES;
				CLANG_WARN_OBJC_ROOT_CLASS = YES_ERROR;
				CLANG_WARN_QUOTED_INCLUDE_IN_FRAMEWORK_HEADER = YES;
				CLANG_WARN_RANGE_LOOP_ANALYSIS = YES;
				CLANG_WARN_STRICT_PROTOTYPES = YES;
				CLANG_WARN_SUSPICIOUS_MOVE = YES;
				CLANG_WARN_UNGUARDED_AVAILABILITY = YES_AGGRESSIVE;
				CLANG_WARN_UNREACHABLE_CODE = YES;
				CLANG_WARN__DUPLICATE_METHOD_MATCH = YES;
				COPY_PHASE_STRIP = NO;
				DEBUG_INFORMATION_FORMAT = "dwarf-with-dsym";
				ENABLE_NS_ASSERTIONS = NO;
				ENABLE_STRICT_OBJC_MSGSEND = YES;
				GCC_C_LANGUAGE_STANDARD = gnu11;
				GCC_NO_COMMON_BLOCKS = YES;
				GCC_WARN_64_TO_32_BIT_CONVERSION = YES;
				GCC_WARN_ABOUT_RETURN_TYPE = YES_ERROR;
				GCC_WARN_UNDECLARED_SELECTOR = YES;
				GCC_WARN_UNINITIALIZED_AUTOS = YES_AGGRESSIVE;
				GCC_WARN_UNUSED_FUNCTION = YES;
				GCC_WARN_UNUSED_VARIABLE = YES;
				IPHONEOS_DEPLOYMENT_TARGET = 15.0;
				MTL_ENABLE_DEBUG_INFO = NO;
				MTL_FAST_MATH = YES;
				SDKROOT = iphoneos;
				SWIFT_COMPILATION_MODE = wholemodule;
				SWIFT_OPTIMIZATION_LEVEL = "-O";
				VALIDATE_PRODUCT = YES;
			};
			name = Release;
		};
		1336DDD9278096C20084DEFF /* Debug */ = {
			isa = XCBuildConfiguration;
			baseConfigurationReference = CB1F3227D44C918D96E20D5A /* Pods-wordcheck-ios.debug.xcconfig */;
			buildSettings = {
				ASSETCATALOG_COMPILER_APPICON_NAME = AppIcon;
				ASSETCATALOG_COMPILER_GLOBAL_ACCENT_COLOR_NAME = AccentColor;
				CODE_SIGN_STYLE = Automatic;
				CURRENT_PROJECT_VERSION = 1;
				DEVELOPMENT_TEAM = 3LTN66N935;
				GENERATE_INFOPLIST_FILE = YES;
				INFOPLIST_FILE = "wordcheck-ios/Info.plist";
				INFOPLIST_KEY_CFBundleDisplayName = wordcheck;
				INFOPLIST_KEY_NSCameraUsageDescription = "사진 찍기";
				INFOPLIST_KEY_NSPhotoLibraryUsageDescription = "앨범 사용";
				INFOPLIST_KEY_UIApplicationSupportsIndirectInputEvents = YES;
				INFOPLIST_KEY_UILaunchStoryboardName = LaunchScreen;
				INFOPLIST_KEY_UIMainStoryboardFile = Main;
				INFOPLIST_KEY_UISupportedInterfaceOrientations_iPad = "UIInterfaceOrientationPortrait UIInterfaceOrientationPortraitUpsideDown UIInterfaceOrientationLandscapeLeft UIInterfaceOrientationLandscapeRight";
				INFOPLIST_KEY_UISupportedInterfaceOrientations_iPhone = "UIInterfaceOrientationPortrait UIInterfaceOrientationLandscapeLeft UIInterfaceOrientationLandscapeRight";
				IPHONEOS_DEPLOYMENT_TARGET = 15.0;
				LD_RUNPATH_SEARCH_PATHS = (
					"$(inherited)",
					"@executable_path/Frameworks",
				);
				MARKETING_VERSION = 1.0.43;
				PRODUCT_BUNDLE_IDENTIFIER = com.jiho.wordcheck;
				PRODUCT_NAME = "$(TARGET_NAME)";
				SWIFT_EMIT_LOC_STRINGS = YES;
				SWIFT_VERSION = 5.0;
				TARGETED_DEVICE_FAMILY = "1,2";
			};
			name = Debug;
		};
		1336DDDA278096C20084DEFF /* Release */ = {
			isa = XCBuildConfiguration;
			baseConfigurationReference = 8DD29BC621954A793F3BB6A0 /* Pods-wordcheck-ios.release.xcconfig */;
			buildSettings = {
				ASSETCATALOG_COMPILER_APPICON_NAME = AppIcon;
				ASSETCATALOG_COMPILER_GLOBAL_ACCENT_COLOR_NAME = AccentColor;
				CODE_SIGN_STYLE = Automatic;
				CURRENT_PROJECT_VERSION = 1;
				DEVELOPMENT_TEAM = 3LTN66N935;
				GENERATE_INFOPLIST_FILE = YES;
				INFOPLIST_FILE = "wordcheck-ios/Info.plist";
				INFOPLIST_KEY_CFBundleDisplayName = wordcheck;
				INFOPLIST_KEY_NSCameraUsageDescription = "사진 찍기";
				INFOPLIST_KEY_NSPhotoLibraryUsageDescription = "앨범 사용";
				INFOPLIST_KEY_UIApplicationSupportsIndirectInputEvents = YES;
				INFOPLIST_KEY_UILaunchStoryboardName = LaunchScreen;
				INFOPLIST_KEY_UIMainStoryboardFile = Main;
				INFOPLIST_KEY_UISupportedInterfaceOrientations_iPad = "UIInterfaceOrientationPortrait UIInterfaceOrientationPortraitUpsideDown UIInterfaceOrientationLandscapeLeft UIInterfaceOrientationLandscapeRight";
				INFOPLIST_KEY_UISupportedInterfaceOrientations_iPhone = "UIInterfaceOrientationPortrait UIInterfaceOrientationLandscapeLeft UIInterfaceOrientationLandscapeRight";
				IPHONEOS_DEPLOYMENT_TARGET = 15.0;
				LD_RUNPATH_SEARCH_PATHS = (
					"$(inherited)",
					"@executable_path/Frameworks",
				);
				MARKETING_VERSION = 1.0.43;
				PRODUCT_BUNDLE_IDENTIFIER = com.jiho.wordcheck;
				PRODUCT_NAME = "$(TARGET_NAME)";
				SWIFT_EMIT_LOC_STRINGS = YES;
				SWIFT_VERSION = 5.0;
				TARGETED_DEVICE_FAMILY = "1,2";
			};
			name = Release;
		};
/* End XCBuildConfiguration section */

/* Begin XCConfigurationList section */
		1336DDBF278096C10084DEFF /* Build configuration list for PBXProject "wordcheck" */ = {
			isa = XCConfigurationList;
			buildConfigurations = (
				1336DDD6278096C20084DEFF /* Debug */,
				1336DDD7278096C20084DEFF /* Release */,
			);
			defaultConfigurationIsVisible = 0;
			defaultConfigurationName = Release;
		};
		1336DDD8278096C20084DEFF /* Build configuration list for PBXNativeTarget "wordcheck" */ = {
			isa = XCConfigurationList;
			buildConfigurations = (
				1336DDD9278096C20084DEFF /* Debug */,
				1336DDDA278096C20084DEFF /* Release */,
			);
			defaultConfigurationIsVisible = 0;
			defaultConfigurationName = Release;
		};
/* End XCConfigurationList section */

/* Begin XCRemoteSwiftPackageReference section */
		1381D7D927874B7C000E4DFB /* XCRemoteSwiftPackageReference "Alamofire" */ = {
			isa = XCRemoteSwiftPackageReference;
			repositoryURL = "https://github.com/Alamofire/Alamofire";
			requirement = {
				kind = upToNextMajorVersion;
				minimumVersion = 5.0.0;
			};
		};
/* End XCRemoteSwiftPackageReference section */

/* Begin XCSwiftPackageProductDependency section */
		1381D7DA27874B7C000E4DFB /* Alamofire */ = {
			isa = XCSwiftPackageProductDependency;
			package = 1381D7D927874B7C000E4DFB /* XCRemoteSwiftPackageReference "Alamofire" */;
			productName = Alamofire;
		};
/* End XCSwiftPackageProductDependency section */
	};
	rootObject = 1336DDBC278096C10084DEFF /* Project object */;
}
